// !$*UTF8*$!
{
	archiveVersion = 1;
	classes = {
	};
	objectVersion = 46;
	objects = {

/* Begin PBXBuildFile section */
		F73597631F46638C000AED05 /* main.m in Sources */ = {isa = PBXBuildFile; fileRef = F73597621F46638C000AED05 /* main.m */; };
		F73597661F46638C000AED05 /* AppDelegate.m in Sources */ = {isa = PBXBuildFile; fileRef = F73597651F46638C000AED05 /* AppDelegate.m */; };
		F73597691F46638C000AED05 /* ViewController.m in Sources */ = {isa = PBXBuildFile; fileRef = F73597681F46638C000AED05 /* ViewController.m */; };
		F735976C1F46638D000AED05 /* Main.storyboard in Resources */ = {isa = PBXBuildFile; fileRef = F735976A1F46638D000AED05 /* Main.storyboard */; };
		F735976E1F46638D000AED05 /* Assets.xcassets in Resources */ = {isa = PBXBuildFile; fileRef = F735976D1F46638D000AED05 /* Assets.xcassets */; };
		F73597711F46638D000AED05 /* LaunchScreen.storyboard in Resources */ = {isa = PBXBuildFile; fileRef = F735976F1F46638D000AED05 /* LaunchScreen.storyboard */; };
		F735977C1F46638E000AED05 /* UILabel_InsetTests.m in Sources */ = {isa = PBXBuildFile; fileRef = F735977B1F46638E000AED05 /* UILabel_InsetTests.m */; };
		F73597871F46638E000AED05 /* UILabel_InsetUITests.m in Sources */ = {isa = PBXBuildFile; fileRef = F73597861F46638E000AED05 /* UILabel_InsetUITests.m */; };
		F73597991F46647E000AED05 /* UILabel+Insets.m in Sources */ = {isa = PBXBuildFile; fileRef = F73597981F46647E000AED05 /* UILabel+Insets.m */; };
/* End PBXBuildFile section */

/* Begin PBXContainerItemProxy section */
		F73597781F46638D000AED05 /* PBXContainerItemProxy */ = {
			isa = PBXContainerItemProxy;
			containerPortal = F73597561F46638B000AED05 /* Project object */;
			proxyType = 1;
			remoteGlobalIDString = F735975D1F46638B000AED05;
			remoteInfo = "UILabel-Inset";
		};
		F73597831F46638E000AED05 /* PBXContainerItemProxy */ = {
			isa = PBXContainerItemProxy;
			containerPortal = F73597561F46638B000AED05 /* Project object */;
			proxyType = 1;
			remoteGlobalIDString = F735975D1F46638B000AED05;
			remoteInfo = "UILabel-Inset";
		};
/* End PBXContainerItemProxy section */

/* Begin PBXFileReference section */
		F735975E1F46638B000AED05 /* UILabel-Inset.app */ = {isa = PBXFileReference; explicitFileType = wrapper.application; includeInIndex = 0; path = "UILabel-Inset.app"; sourceTree = BUILT_PRODUCTS_DIR; };
		F73597621F46638C000AED05 /* main.m */ = {isa = PBXFileReference; lastKnownFileType = sourcecode.c.objc; path = main.m; sourceTree = "<group>"; };
		F73597641F46638C000AED05 /* AppDelegate.h */ = {isa = PBXFileReference; lastKnownFileType = sourcecode.c.h; path = AppDelegate.h; sourceTree = "<group>"; };
		F73597651F46638C000AED05 /* AppDelegate.m */ = {isa = PBXFileReference; lastKnownFileType = sourcecode.c.objc; path = AppDelegate.m; sourceTree = "<group>"; };
		F73597671F46638C000AED05 /* ViewController.h */ = {isa = PBXFileReference; lastKnownFileType = sourcecode.c.h; path = ViewController.h; sourceTree = "<group>"; };
		F73597681F46638C000AED05 /* ViewController.m */ = {isa = PBXFileReference; lastKnownFileType = sourcecode.c.objc; path = ViewController.m; sourceTree = "<group>"; };
		F735976B1F46638D000AED05 /* Base */ = {isa = PBXFileReference; lastKnownFileType = file.storyboard; name = Base; path = Base.lproj/Main.storyboard; sourceTree = "<group>"; };
		F735976D1F46638D000AED05 /* Assets.xcassets */ = {isa = PBXFileReference; lastKnownFileType = folder.assetcatalog; path = Assets.xcassets; sourceTree = "<group>"; };
		F73597701F46638D000AED05 /* Base */ = {isa = PBXFileReference; lastKnownFileType = file.storyboard; name = Base; path = Base.lproj/LaunchScreen.storyboard; sourceTree = "<group>"; };
		F73597721F46638D000AED05 /* Info.plist */ = {isa = PBXFileReference; lastKnownFileType = text.plist.xml; path = Info.plist; sourceTree = "<group>"; };
		F73597771F46638D000AED05 /* UILabel-InsetTests.xctest */ = {isa = PBXFileReference; explicitFileType = wrapper.cfbundle; includeInIndex = 0; path = "UILabel-InsetTests.xctest"; sourceTree = BUILT_PRODUCTS_DIR; };
		F735977B1F46638E000AED05 /* UILabel_InsetTests.m */ = {isa = PBXFileReference; lastKnownFileType = sourcecode.c.objc; path = UILabel_InsetTests.m; sourceTree = "<group>"; };
		F735977D1F46638E000AED05 /* Info.plist */ = {isa = PBXFileReference; lastKnownFileType = text.plist.xml; path = Info.plist; sourceTree = "<group>"; };
		F73597821F46638E000AED05 /* UILabel-InsetUITests.xctest */ = {isa = PBXFileReference; explicitFileType = wrapper.cfbundle; includeInIndex = 0; path = "UILabel-InsetUITests.xctest"; sourceTree = BUILT_PRODUCTS_DIR; };
		F73597861F46638E000AED05 /* UILabel_InsetUITests.m */ = {isa = PBXFileReference; lastKnownFileType = sourcecode.c.objc; path = UILabel_InsetUITests.m; sourceTree = "<group>"; };
		F73597881F46638E000AED05 /* Info.plist */ = {isa = PBXFileReference; lastKnownFileType = text.plist.xml; path = Info.plist; sourceTree = "<group>"; };
		F73597971F46647E000AED05 /* UILabel+Insets.h */ = {isa = PBXFileReference; fileEncoding = 4; lastKnownFileType = sourcecode.c.h; path = "UILabel+Insets.h"; sourceTree = "<group>"; };
		F73597981F46647E000AED05 /* UILabel+Insets.m */ = {isa = PBXFileReference; fileEncoding = 4; lastKnownFileType = sourcecode.c.objc; path = "UILabel+Insets.m"; sourceTree = "<group>"; };
/* End PBXFileReference section */

/* Begin PBXFrameworksBuildPhase section */
		F735975B1F46638B000AED05 /* Frameworks */ = {
			isa = PBXFrameworksBuildPhase;
			buildActionMask = 2147483647;
			files = (
			);
			runOnlyForDeploymentPostprocessing = 0;
		};
		F73597741F46638D000AED05 /* Frameworks */ = {
			isa = PBXFrameworksBuildPhase;
			buildActionMask = 2147483647;
			files = (
			);
			runOnlyForDeploymentPostprocessing = 0;
		};
		F735977F1F46638E000AED05 /* Frameworks */ = {
			isa = PBXFrameworksBuildPhase;
			buildActionMask = 2147483647;
			files = (
			);
			runOnlyForDeploymentPostprocessing = 0;
		};
/* End PBXFrameworksBuildPhase section */

/* Begin PBXGroup section */
		F73597551F46638B000AED05 = {
			isa = PBXGroup;
			children = (
				F73597601F46638B000AED05 /* UILabel-Inset */,
				F735977A1F46638D000AED05 /* UILabel-InsetTests */,
				F73597851F46638E000AED05 /* UILabel-InsetUITests */,
				F735975F1F46638B000AED05 /* Products */,
			);
			sourceTree = "<group>";
		};
		F735975F1F46638B000AED05 /* Products */ = {
			isa = PBXGroup;
			children = (
				F735975E1F46638B000AED05 /* UILabel-Inset.app */,
				F73597771F46638D000AED05 /* UILabel-InsetTests.xctest */,
				F73597821F46638E000AED05 /* UILabel-InsetUITests.xctest */,
			);
			name = Products;
			sourceTree = "<group>";
		};
		F73597601F46638B000AED05 /* UILabel-Inset */ = {
			isa = PBXGroup;
			children = (
				F735979A1F466486000AED05 /* Category */,
				F73597641F46638C000AED05 /* AppDelegate.h */,
				F73597651F46638C000AED05 /* AppDelegate.m */,
				F73597671F46638C000AED05 /* ViewController.h */,
				F73597681F46638C000AED05 /* ViewController.m */,
				F735976A1F46638D000AED05 /* Main.storyboard */,
				F735976D1F46638D000AED05 /* Assets.xcassets */,
				F735976F1F46638D000AED05 /* LaunchScreen.storyboard */,
				F73597721F46638D000AED05 /* Info.plist */,
				F73597611F46638C000AED05 /* Supporting Files */,
			);
			path = "UILabel-Inset";
			sourceTree = "<group>";
		};
		F73597611F46638C000AED05 /* Supporting Files */ = {
			isa = PBXGroup;
			children = (
				F73597621F46638C000AED05 /* main.m */,
			);
			name = "Supporting Files";
			sourceTree = "<group>";
		};
		F735977A1F46638D000AED05 /* UILabel-InsetTests */ = {
			isa = PBXGroup;
			children = (
				F735977B1F46638E000AED05 /* UILabel_InsetTests.m */,
				F735977D1F46638E000AED05 /* Info.plist */,
			);
			path = "UILabel-InsetTests";
			sourceTree = "<group>";
		};
		F73597851F46638E000AED05 /* UILabel-InsetUITests */ = {
			isa = PBXGroup;
			children = (
				F73597861F46638E000AED05 /* UILabel_InsetUITests.m */,
				F73597881F46638E000AED05 /* Info.plist */,
			);
			path = "UILabel-InsetUITests";
			sourceTree = "<group>";
		};
		F735979A1F466486000AED05 /* Category */ = {
			isa = PBXGroup;
			children = (
				F73597971F46647E000AED05 /* UILabel+Insets.h */,
				F73597981F46647E000AED05 /* UILabel+Insets.m */,
			);
			name = Category;
			sourceTree = "<group>";
		};
/* End PBXGroup section */

/* Begin PBXNativeTarget section */
		F735975D1F46638B000AED05 /* UILabel-Inset */ = {
			isa = PBXNativeTarget;
			buildConfigurationList = F735978B1F46638E000AED05 /* Build configuration list for PBXNativeTarget "UILabel-Inset" */;
			buildPhases = (
				F735975A1F46638B000AED05 /* Sources */,
				F735975B1F46638B000AED05 /* Frameworks */,
				F735975C1F46638B000AED05 /* Resources */,
			);
			buildRules = (
			);
			dependencies = (
			);
			name = "UILabel-Inset";
			productName = "UILabel-Inset";
			productReference = F735975E1F46638B000AED05 /* UILabel-Inset.app */;
			productType = "com.apple.product-type.application";
		};
		F73597761F46638D000AED05 /* UILabel-InsetTests */ = {
			isa = PBXNativeTarget;
			buildConfigurationList = F735978E1F46638E000AED05 /* Build configuration list for PBXNativeTarget "UILabel-InsetTests" */;
			buildPhases = (
				F73597731F46638D000AED05 /* Sources */,
				F73597741F46638D000AED05 /* Frameworks */,
				F73597751F46638D000AED05 /* Resources */,
			);
			buildRules = (
			);
			dependencies = (
				F73597791F46638D000AED05 /* PBXTargetDependency */,
			);
			name = "UILabel-InsetTests";
			productName = "UILabel-InsetTests";
			productReference = F73597771F46638D000AED05 /* UILabel-InsetTests.xctest */;
			productType = "com.apple.product-type.bundle.unit-test";
		};
		F73597811F46638E000AED05 /* UILabel-InsetUITests */ = {
			isa = PBXNativeTarget;
			buildConfigurationList = F73597911F46638E000AED05 /* Build configuration list for PBXNativeTarget "UILabel-InsetUITests" */;
			buildPhases = (
				F735977E1F46638E000AED05 /* Sources */,
				F735977F1F46638E000AED05 /* Frameworks */,
				F73597801F46638E000AED05 /* Resources */,
			);
			buildRules = (
			);
			dependencies = (
				F73597841F46638E000AED05 /* PBXTargetDependency */,
			);
			name = "UILabel-InsetUITests";
			productName = "UILabel-InsetUITests";
			productReference = F73597821F46638E000AED05 /* UILabel-InsetUITests.xctest */;
			productType = "com.apple.product-type.bundle.ui-testing";
		};
/* End PBXNativeTarget section */

/* Begin PBXProject section */
		F73597561F46638B000AED05 /* Project object */ = {
			isa = PBXProject;
			attributes = {
				LastUpgradeCheck = 0830;
				ORGANIZATIONNAME = Apple;
				TargetAttributes = {
					F735975D1F46638B000AED05 = {
						CreatedOnToolsVersion = 8.3.1;
						DevelopmentTeam = X8GHMEWAMM;
						ProvisioningStyle = Automatic;
					};
					F73597761F46638D000AED05 = {
						CreatedOnToolsVersion = 8.3.1;
						DevelopmentTeam = X8GHMEWAMM;
						ProvisioningStyle = Automatic;
						TestTargetID = F735975D1F46638B000AED05;
					};
					F73597811F46638E000AED05 = {
						CreatedOnToolsVersion = 8.3.1;
						DevelopmentTeam = X8GHMEWAMM;
						ProvisioningStyle = Automatic;
						TestTargetID = F735975D1F46638B000AED05;
					};
				};
			};
			buildConfigurationList = F73597591F46638B000AED05 /* Build configuration list for PBXProject "UILabel-Inset" */;
			compatibilityVersion = "Xcode 3.2";
			developmentRegion = English;
			hasScannedForEncodings = 0;
			knownRegions = (
				en,
				Base,
			);
			mainGroup = F73597551F46638B000AED05;
			productRefGroup = F735975F1F46638B000AED05 /* Products */;
			projectDirPath = "";
			projectRoot = "";
			targets = (
				F735975D1F46638B000AED05 /* UILabel-Inset */,
				F73597761F46638D000AED05 /* UILabel-InsetTests */,
				F73597811F46638E000AED05 /* UILabel-InsetUITests */,
			);
		};
/* End PBXProject section */

/* Begin PBXResourcesBuildPhase section */
		F735975C1F46638B000AED05 /* Resources */ = {
			isa = PBXResourcesBuildPhase;
			buildActionMask = 2147483647;
			files = (
				F73597711F46638D000AED05 /* LaunchScreen.storyboard in Resources */,
				F735976E1F46638D000AED05 /* Assets.xcassets in Resources */,
				F735976C1F46638D000AED05 /* Main.storyboard in Resources */,
			);
			runOnlyForDeploymentPostprocessing = 0;
		};
		F73597751F46638D000AED05 /* Resources */ = {
			isa = PBXResourcesBuildPhase;
			buildActionMask = 2147483647;
			files = (
			);
			runOnlyForDeploymentPostprocessing = 0;
		};
		F73597801F46638E000AED05 /* Resources */ = {
			isa = PBXResourcesBuildPhase;
			buildActionMask = 2147483647;
			files = (
			);
			runOnlyForDeploymentPostprocessing = 0;
		};
/* End PBXResourcesBuildPhase section */

/* Begin PBXSourcesBuildPhase section */
		F735975A1F46638B000AED05 /* Sources */ = {
			isa = PBXSourcesBuildPhase;
			buildActionMask = 2147483647;
			files = (
				F73597691F46638C000AED05 /* ViewController.m in Sources */,
				F73597661F46638C000AED05 /* AppDelegate.m in Sources */,
				F73597991F46647E000AED05 /* UILabel+Insets.m in Sources */,
				F73597631F46638C000AED05 /* main.m in Sources */,
			);
			runOnlyForDeploymentPostprocessing = 0;
		};
		F73597731F46638D000AED05 /* Sources */ = {
			isa = PBXSourcesBuildPhase;
			buildActionMask = 2147483647;
			files = (
				F735977C1F46638E000AED05 /* UILabel_InsetTests.m in Sources */,
			);
			runOnlyForDeploymentPostprocessing = 0;
		};
		F735977E1F46638E000AED05 /* Sources */ = {
			isa = PBXSourcesBuildPhase;
			buildActionMask = 2147483647;
			files = (
				F73597871F46638E000AED05 /* UILabel_InsetUITests.m in Sources */,
			);
			runOnlyForDeploymentPostprocessing = 0;
		};
/* End PBXSourcesBuildPhase section */

/* Begin PBXTargetDependency section */
		F73597791F46638D000AED05 /* PBXTargetDependency */ = {
			isa = PBXTargetDependency;
			target = F735975D1F46638B000AED05 /* UILabel-Inset */;
			targetProxy = F73597781F46638D000AED05 /* PBXContainerItemProxy */;
		};
		F73597841F46638E000AED05 /* PBXTargetDependency */ = {
			isa = PBXTargetDependency;
			target = F735975D1F46638B000AED05 /* UILabel-Inset */;
			targetProxy = F73597831F46638E000AED05 /* PBXContainerItemProxy */;
		};
/* End PBXTargetDependency section */

/* Begin PBXVariantGroup section */
		F735976A1F46638D000AED05 /* Main.storyboard */ = {
			isa = PBXVariantGroup;
			children = (
				F735976B1F46638D000AED05 /* Base */,
			);
			name = Main.storyboard;
			sourceTree = "<group>";
		};
		F735976F1F46638D000AED05 /* LaunchScreen.storyboard */ = {
			isa = PBXVariantGroup;
			children = (
				F73597701F46638D000AED05 /* Base */,
			);
			name = LaunchScreen.storyboard;
			sourceTree = "<group>";
		};
/* End PBXVariantGroup section */

/* Begin XCBuildConfiguration section */
		F73597891F46638E000AED05 /* Debug */ = {
			isa = XCBuildConfiguration;
			buildSettings = {
				ALWAYS_SEARCH_USER_PATHS = NO;
				CLANG_ANALYZER_NONNULL = YES;
				CLANG_ANALYZER_NUMBER_OBJECT_CONVERSION = YES_AGGRESSIVE;
				CLANG_CXX_LANGUAGE_STANDARD = "gnu++0x";
				CLANG_CXX_LIBRARY = "libc++";
				CLANG_ENABLE_MODULES = YES;
				CLANG_ENABLE_OBJC_ARC = YES;
				CLANG_WARN_BOOL_CONVERSION = YES;
				CLANG_WARN_CONSTANT_CONVERSION = YES;
				CLANG_WARN_DIRECT_OBJC_ISA_USAGE = YES_ERROR;
				CLANG_WARN_DOCUMENTATION_COMMENTS = YES;
				CLANG_WARN_EMPTY_BODY = YES;
				CLANG_WARN_ENUM_CONVERSION = YES;
				CLANG_WARN_INFINITE_RECURSION = YES;
				CLANG_WARN_INT_CONVERSION = YES;
				CLANG_WARN_OBJC_ROOT_CLASS = YES_ERROR;
				CLANG_WARN_SUSPICIOUS_MOVE = YES;
				CLANG_WARN_UNREACHABLE_CODE = YES;
				CLANG_WARN__DUPLICATE_METHOD_MATCH = YES;
				"CODE_SIGN_IDENTITY[sdk=iphoneos*]" = "iPhone Developer";
				COPY_PHASE_STRIP = NO;
				DEBUG_INFORMATION_FORMAT = dwarf;
				ENABLE_STRICT_OBJC_MSGSEND = YES;
				ENABLE_TESTABILITY = YES;
				GCC_C_LANGUAGE_STANDARD = gnu99;
				GCC_DYNAMIC_NO_PIC = NO;
				GCC_NO_COMMON_BLOCKS = YES;
				GCC_OPTIMIZATION_LEVEL = 0;
				GCC_PREPROCESSOR_DEFINITIONS = (
					"DEBUG=1",
					"$(inherited)",
				);
				GCC_WARN_64_TO_32_BIT_CONVERSION = YES;
				GCC_WARN_ABOUT_RETURN_TYPE = YES_ERROR;
				GCC_WARN_UNDECLARED_SELECTOR = YES;
				GCC_WARN_UNINITIALIZED_AUTOS = YES_AGGRESSIVE;
				GCC_WARN_UNUSED_FUNCTION = YES;
				GCC_WARN_UNUSED_VARIABLE = YES;
				IPHONEOS_DEPLOYMENT_TARGET = 10.3;
				MTL_ENABLE_DEBUG_INFO = YES;
				ONLY_ACTIVE_ARCH = YES;
				SDKROOT = iphoneos;
				TARGETED_DEVICE_FAMILY = "1,2";
			};
			name = Debug;
		};
		F735978A1F46638E000AED05 /* Release */ = {
			isa = XCBuildConfiguration;
			buildSettings = {
				ALWAYS_SEARCH_USER_PATHS = NO;
				CLANG_ANALYZER_NONNULL = YES;
				CLANG_ANALYZER_NUMBER_OBJECT_CONVERSION = YES_AGGRESSIVE;
				CLANG_CXX_LANGUAGE_STANDARD = "gnu++0x";
				CLANG_CXX_LIBRARY = "libc++";
				CLANG_ENABLE_MODULES = YES;
				CLANG_ENABLE_OBJC_ARC = YES;
				CLANG_WARN_BOOL_CONVERSION = YES;
				CLANG_WARN_CONSTANT_CONVERSION = YES;
				CLANG_WARN_DIRECT_OBJC_ISA_USAGE = YES_ERROR;
				CLANG_WARN_DOCUMENTATION_COMMENTS = YES;
				CLANG_WARN_EMPTY_BODY = YES;
				CLANG_WARN_ENUM_CONVERSION = YES;
				CLANG_WARN_INFINITE_RECURSION = YES;
				CLANG_WARN_INT_CONVERSION = YES;
				CLANG_WARN_OBJC_ROOT_CLASS = YES_ERROR;
				CLANG_WARN_SUSPICIOUS_MOVE = YES;
				CLANG_WARN_UNREACHABLE_CODE = YES;
				CLANG_WARN__DUPLICATE_METHOD_MATCH = YES;
				"CODE_SIGN_IDENTITY[sdk=iphoneos*]" = "iPhone Developer";
				COPY_PHASE_STRIP = NO;
				DEBUG_INFORMATION_FORMAT = "dwarf-with-dsym";
				ENABLE_NS_ASSERTIONS = NO;
				ENABLE_STRICT_OBJC_MSGSEND = YES;
				GCC_C_LANGUAGE_STANDARD = gnu99;
				GCC_NO_COMMON_BLOCKS = YES;
				GCC_WARN_64_TO_32_BIT_CONVERSION = YES;
				GCC_WARN_ABOUT_RETURN_TYPE = YES_ERROR;
				GCC_WARN_UNDECLARED_SELECTOR = YES;
				GCC_WARN_UNINITIALIZED_AUTOS = YES_AGGRESSIVE;
				GCC_WARN_UNUSED_FUNCTION = YES;
				GCC_WARN_UNUSED_VARIABLE = YES;
				IPHONEOS_DEPLOYMENT_TARGET = 10.3;
				MTL_ENABLE_DEBUG_INFO = NO;
				SDKROOT = iphoneos;
				TARGETED_DEVICE_FAMILY = "1,2";
				VALIDATE_PRODUCT = YES;
			};
			name = Release;
		};
		F735978C1F46638E000AED05 /* Debug */ = {
			isa = XCBuildConfiguration;
			buildSettings = {
				ASSETCATALOG_COMPILER_APPICON_NAME = AppIcon;
				DEVELOPMENT_TEAM = X8GHMEWAMM;
				INFOPLIST_FILE = "UILabel-Inset/Info.plist";
				IPHONEOS_DEPLOYMENT_TARGET = 10.0;
				LD_RUNPATH_SEARCH_PATHS = "$(inherited) @executable_path/Frameworks";
				PRODUCT_BUNDLE_IDENTIFIER = "com.icofans.UILabel-Inset";
				PRODUCT_NAME = "$(TARGET_NAME)";
			};
			name = Debug;
		};
		F735978D1F46638E000AED05 /* Release */ = {
			isa = XCBuildConfiguration;
			buildSettings = {
				ASSETCATALOG_COMPILER_APPICON_NAME = AppIcon;
				DEVELOPMENT_TEAM = X8GHMEWAMM;
				INFOPLIST_FILE = "UILabel-Inset/Info.plist";
				IPHONEOS_DEPLOYMENT_TARGET = 10.0;
				LD_RUNPATH_SEARCH_PATHS = "$(inherited) @executable_path/Frameworks";
				PRODUCT_BUNDLE_IDENTIFIER = "com.icofans.UILabel-Inset";
				PRODUCT_NAME = "$(TARGET_NAME)";
			};
			name = Release;
		};
		F735978F1F46638E000AED05 /* Debug */ = {
			isa = XCBuildConfiguration;
			buildSettings = {
				BUNDLE_LOADER = "$(TEST_HOST)";
				DEVELOPMENT_TEAM = X8GHMEWAMM;
				INFOPLIST_FILE = "UILabel-InsetTests/Info.plist";
				LD_RUNPATH_SEARCH_PATHS = "$(inherited) @executable_path/Frameworks @loader_path/Frameworks";
				PRODUCT_BUNDLE_IDENTIFIER = "com.icofans.UILabel-InsetTests";
				PRODUCT_NAME = "$(TARGET_NAME)";
				TEST_HOST = "$(BUILT_PRODUCTS_DIR)/UILabel-Inset.app/UILabel-Inset";
			};
			name = Debug;
		};
		F73597901F46638E000AED05 /* Release */ = {
			isa = XCBuildConfiguration;
			buildSettings = {
				BUNDLE_LOADER = "$(TEST_HOST)";
				DEVELOPMENT_TEAM = X8GHMEWAMM;
				INFOPLIST_FILE = "UILabel-InsetTests/Info.plist";
				LD_RUNPATH_SEARCH_PATHS = "$(inherited) @executable_path/Frameworks @loader_path/Frameworks";
				PRODUCT_BUNDLE_IDENTIFIER = "com.icofans.UILabel-InsetTests";
				PRODUCT_NAME = "$(TARGET_NAME)";
				TEST_HOST = "$(BUILT_PRODUCTS_DIR)/UILabel-Inset.app/UILabel-Inset";
			};
			name = Release;
		};
		F73597921F46638E000AED05 /* Debug */ = {
			isa = XCBuildConfiguration;
			buildSettings = {
				DEVELOPMENT_TEAM = X8GHMEWAMM;
				INFOPLIST_FILE = "UILabel-InsetUITests/Info.plist";
				LD_RUNPATH_SEARCH_PATHS = "$(inherited) @executable_path/Frameworks @loader_path/Frameworks";
				PRODUCT_BUNDLE_IDENTIFIER = "com.icofans.UILabel-InsetUITests";
				PRODUCT_NAME = "$(TARGET_NAME)";
				TEST_TARGET_NAME = "UILabel-Inset";
			};
			name = Debug;
		};
		F73597931F46638E000AED05 /* Release */ = {
			isa = XCBuildConfiguration;
			buildSettings = {
				DEVELOPMENT_TEAM = X8GHMEWAMM;
				INFOPLIST_FILE = "UILabel-InsetUITests/Info.plist";
				LD_RUNPATH_SEARCH_PATHS = "$(inherited) @executable_path/Frameworks @loader_path/Frameworks";
				PRODUCT_BUNDLE_IDENTIFIER = "com.icofans.UILabel-InsetUITests";
				PRODUCT_NAME = "$(TARGET_NAME)";
				TEST_TARGET_NAME = "UILabel-Inset";
			};
			name = Release;
		};
/* End XCBuildConfiguration section */

/* Begin XCConfigurationList section */
		F73597591F46638B000AED05 /* Build configuration list for PBXProject "UILabel-Inset" */ = {
			isa = XCConfigurationList;
			buildConfigurations = (
				F73597891F46638E000AED05 /* Debug */,
				F735978A1F46638E000AED05 /* Release */,
			);
			defaultConfigurationIsVisible = 0;
			defaultConfigurationName = Release;
		};
		F735978B1F46638E000AED05 /* Build configuration list for PBXNativeTarget "UILabel-Inset" */ = {
			isa = XCConfigurationList;
			buildConfigurations = (
				F735978C1F46638E000AED05 /* Debug */,
				F735978D1F46638E000AED05 /* Release */,
			);
			defaultConfigurationIsVisible = 0;
		};
		F735978E1F46638E000AED05 /* Build configuration list for PBXNativeTarget "UILabel-InsetTests" */ = {
			isa = XCConfigurationList;
			buildConfigurations = (
				F735978F1F46638E000AED05 /* Debug */,
				F73597901F46638E000AED05 /* Release */,
			);
			defaultConfigurationIsVisible = 0;
		};
		F73597911F46638E000AED05 /* Build configuration list for PBXNativeTarget "UILabel-InsetUITests" */ = {
			isa = XCConfigurationList;
			buildConfigurations = (
				F73597921F46638E000AED05 /* Debug */,
				F73597931F46638E000AED05 /* Release */,
			);
			defaultConfigurationIsVisible = 0;
		};
/* End XCConfigurationList section */
	};
	rootObject = F73597561F46638B000AED05 /* Project object */;
}
